
Microsoft Visual Studio Solution File, Format Version 12.00
# Visual Studio 2013
VisualStudioVersion = 12.0.31101.0
MinimumVisualStudioVersion = 10.0.40219.1
Project("{FAE04EC0-301F-11D3-BF4B-00C04F79EFBC}") = "MyCompanyDemo.Application", "MyCompanyDemo.Application\MyCompanyDemo.Application.csproj", "{93F0765A-9BB5-4DF0-A728-F6208F4960D4}"
EndProject
Project("{FAE04EC0-301F-11D3-BF4B-00C04F79EFBC}") = "MyCompanyDemo.Orders.Backend", "MyCompanyDemo.Orders.Backend\MyCompanyDemo.Orders.Backend.csproj", "{2985106F-A317-4BE2-B059-79FDD94E9D50}"
EndProject
Project("{FAE04EC0-301F-11D3-BF4B-00C04F79EFBC}") = "MyCompanyDemo.Shipping.Backend", "MyCompanyDemo.Shipping.Backend\MyCompanyDemo.Shipping.Backend.csproj", "{2ED31410-DD4A-4043-9169-D0323C49B7E6}"
EndProject
Project("{FAE04EC0-301F-11D3-BF4B-00C04F79EFBC}") = "MyCompanyDemo.Messages", "MyCompanyDemo.Messages\MyCompanyDemo.Messages.csproj", "{14BABC9D-0F4B-44F0-B10E-3D3ABA98B4F8}"
EndProject
Global
	GlobalSection(SolutionConfigurationPlatforms) = preSolution
		Debug|Any CPU = Debug|Any CPU
		Release|Any CPU = Release|Any CPU
	EndGlobalSection
	GlobalSection(ProjectConfigurationPlatforms) = postSolution
		{93F0765A-9BB5-4DF0-A728-F6208F4960D4}.Debug|Any CPU.ActiveCfg = Debug|Any CPU
		{93F0765A-9BB5-4DF0-A728-F6208F4960D4}.Debug|Any CPU.Build.0 = Debug|Any CPU
		{93F0765A-9BB5-4DF0-A728-F6208F4960D4}.Release|Any CPU.ActiveCfg = Release|Any CPU
		{93F0765A-9BB5-4DF0-A728-F6208F4960D4}.Release|Any CPU.Build.0 = Release|Any CPU
		{2985106F-A317-4BE2-B059-79FDD94E9D50}.Debug|Any CPU.ActiveCfg = Debug|Any CPU
		{2985106F-A317-4BE2-B059-79FDD94E9D50}.Debug|Any CPU.Build.0 = Debug|Any CPU
		{2985106F-A317-4BE2-B059-79FDD94E9D50}.Release|Any CPU.ActiveCfg = Release|Any CPU
		{2985106F-A317-4BE2-B059-79FDD94E9D50}.Release|Any CPU.Build.0 = Release|Any CPU
		{2ED31410-DD4A-4043-9169-D0323C49B7E6}.Debug|Any CPU.ActiveCfg = Debug|Any CPU
		{2ED31410-DD4A-4043-9169-D0323C49B7E6}.Debug|Any CPU.Build.0 = Debug|Any CPU
		{2ED31410-DD4A-4043-9169-D0323C49B7E6}.Release|Any CPU.ActiveCfg = Release|Any CPU
		{2ED31410-DD4A-4043-9169-D0323C49B7E6}.Release|Any CPU.Build.0 = Release|Any CPU
		{14BABC9D-0F4B-44F0-B10E-3D3ABA98B4F8}.Debug|Any CPU.ActiveCfg = Debug|Any CPU
		{14BABC9D-0F4B-44F0-B10E-3D3ABA98B4F8}.Debug|Any CPU.Build.0 = Debug|Any CPU
		{14BABC9D-0F4B-44F0-B10E-3D3ABA98B4F8}.Release|Any CPU.ActiveCfg = Release|Any CPU
		{14BABC9D-0F4B-44F0-B10E-3D3ABA98B4F8}.Release|Any CPU.Build.0 = Release|Any CPU
	EndGlobalSection
	GlobalSection(SolutionProperties) = preSolution
		HideSolutionNode = FALSE
	EndGlobalSection
EndGlobal
